
Microsoft Visual Studio Solution File, Format Version 12.00
# Visual Studio Version 17
VisualStudioVersion = 17.7.34031.279
MinimumVisualStudioVersion = 10.0.40219.1
Project("{FAE04EC0-301F-11D3-BF4B-00C04F79EFBC}") = "mvc-core", "mvc-core.csproj", "{397FE662-3887-4CC9-BF1E-B60C3A49F397}"
EndProject
Global
	GlobalSection(SolutionConfigurationPlatforms) = preSolution
		Debug|Any CPU = Debug|Any CPU
		Release|Any CPU = Release|Any CPU
	EndGlobalSection
	GlobalSection(ProjectConfigurationPlatforms) = postSolution
		{397FE662-3887-4CC9-BF1E-B60C3A49F397}.Debug|Any CPU.ActiveCfg = Debug|Any CPU
		{397FE662-3887-4CC9-BF1E-B60C3A49F397}.Debug|Any CPU.Build.0 = Debug|Any CPU
		{397FE662-3887-4CC9-BF1E-B60C3A49F397}.Release|Any CPU.ActiveCfg = Release|Any CPU
		{397FE662-3887-4CC9-BF1E-B60C3A49F397}.Release|Any CPU.Build.0 = Release|Any CPU
	EndGlobalSection
	GlobalSection(SolutionProperties) = preSolution
		HideSolutionNode = FALSE
	EndGlobalSection
	GlobalSection(ExtensibilityGlobals) = postSolution
		SolutionGuid = {E84ABD38-AF40-4D27-9C06-FB01DDAFFC3E}
	EndGlobalSection
EndGlobal
